schema: '2.0'
stages:
  preprocessing:
    cmd: python data-pipeline/scripts/preprocessing.py
    deps:
    - path: data-pipeline/configs/pipeline_config.json
      hash: md5
      md5: f5c13470a443d7aac9a87ba07f91e40e
      size: 3445
    - path: data-pipeline/data/raw/mimic_discharge_labs.csv
      hash: md5
      md5: b8517b6366ab6d12a57605762ffed05b
      size: 94571747
    - path: data-pipeline/scripts/preprocessing.py
      hash: md5
      md5: a7ae9ef1f5058d4f37b4141ab4ce42a7
      size: 21020
    outs:
    - path: data-pipeline/data/processed/preprocessing_report.csv
      hash: md5
      md5: 5d93f627fa12cd5c39b5639aaab48aae
      size: 271
    - path: data-pipeline/data/processed/processed_discharge_summaries.csv
      hash: md5
      md5: f1ac20bccf0007583ddc2b3588afa060
      size: 101853333
  validation:
    cmd: python data-pipeline/scripts/validation.py
    deps:
    - path: data-pipeline/data/processed/processed_discharge_summaries.csv
      hash: md5
      md5: f1ac20bccf0007583ddc2b3588afa060
      size: 101853333
    - path: data-pipeline/scripts/validation.py
      hash: md5
      md5: e3e02730a6ae3c84a06df549da0c8e8d
      size: 27782
    outs:
    - path: data-pipeline/logs/validation_report.json
      hash: md5
      md5: 41d8f13c52813db75a19ed3d9436070a
      size: 8121
    - path: data-pipeline/logs/validation_summary.csv
      hash: md5
      md5: 612b95d1e217e51288bc672e35c1a38b
      size: 233
  feature_engineering:
    cmd: python data-pipeline/scripts/feature_engineering.py
    deps:
    - path: data-pipeline/data/processed/processed_discharge_summaries.csv
      hash: md5
      md5: f1ac20bccf0007583ddc2b3588afa060
      size: 101853333
    - path: data-pipeline/scripts/feature_engineering.py
      hash: md5
      md5: e553890c5d94f7c2303b8030d07bb9c7
      size: 25388
    outs:
    - path: data-pipeline/data/processed/mimic_features.csv
      hash: md5
      md5: a1998a0b73ea7c2c535ae5aa6b98cabd
      size: 21682368
  bias_detection:
    cmd: python data-pipeline/scripts/bias_detection.py
    deps:
    - path: data-pipeline/data/processed/mimic_features.csv
      hash: md5
      md5: a1998a0b73ea7c2c535ae5aa6b98cabd
      size: 21682368
    - path: data-pipeline/scripts/bias_detection.py
      hash: md5
      md5: ea247a466f2954ded3b34c0a8dc9bb4a
      size: 63815
    outs:
    - path: data-pipeline/logs/bias_report.json
      hash: md5
      md5: e8f18bba38c32d22cdbfe6ba0785f723
      size: 17445
    - path: data-pipeline/logs/bias_summary.csv
      hash: md5
      md5: b69450ad9db21b3aa2faf35d65e30ebc
      size: 730
  bias_mitigation:
    cmd: python data-pipeline/scripts/automated_bias_handler.py
    deps:
    - path: data-pipeline/data/processed/mimic_features.csv
      hash: md5
      md5: a1998a0b73ea7c2c535ae5aa6b98cabd
      size: 21682368
    - path: data-pipeline/logs/bias_report.json
      hash: md5
      md5: e8f18bba38c32d22cdbfe6ba0785f723
      size: 17445
    - path: data-pipeline/scripts/automated_bias_handler.py
      hash: md5
      md5: 3c311aa8b2e48c9a07ab704337ee2191
      size: 36073
    outs:
    - path: data-pipeline/data/processed/mimic_features_mitigated.csv
      hash: md5
      md5: 68bb5264ce0020415a98b3df85afd8c0
      size: 22366852
    - path: data-pipeline/logs/bias_mitigation_report.json
      hash: md5
      md5: b179e08ced694cf4845923399f3e323b
      size: 2165
