schema: '2.0'
stages:
  preprocessing:
    cmd: python data-pipeline/scripts/preprocessing.py
    deps:
    - path: data-pipeline/configs/pipeline_config.json
      hash: md5
      md5: f5c13470a443d7aac9a87ba07f91e40e
      size: 3445
    - path: data-pipeline/data/raw/mimic_discharge_labs.csv
      hash: md5
      md5: 387769b8167d32c90018b7301c6cfa55
      size: 99636648
    - path: data-pipeline/scripts/preprocessing.py
      hash: md5
      md5: 3a1b7b502cd06910da376dca244abe88
      size: 20961
    outs:
    - path: data-pipeline/data/processed/preprocessing_report.csv
      hash: md5
      md5: c415703305e4bbdf6dffa124f8e8e4f9
      size: 272
    - path: data-pipeline/data/processed/processed_discharge_summaries.csv
      hash: md5
      md5: de950a557c729fdd342d5cfa7e3fcf3f
      size: 103215156
  validation:
    cmd: python data-pipeline/scripts/validation.py
    deps:
    - path: data-pipeline/data/processed/processed_discharge_summaries.csv
      hash: md5
      md5: de950a557c729fdd342d5cfa7e3fcf3f
      size: 103215156
    - path: data-pipeline/scripts/validation.py
      hash: md5
      md5: 62689b9d987f5c5a90b6a2765b65de13
      size: 27750
    outs:
    - path: data-pipeline/logs/validation_report.json
      hash: md5
      md5: c258c912196ca792c220b52196605dbc
      size: 8139
    - path: data-pipeline/logs/validation_summary.csv
      hash: md5
      md5: a7d3bf38679f10456d7798967b012935
      size: 233
  feature_engineering:
    cmd: python data-pipeline/scripts/feature_engineering.py
    deps:
    - path: data-pipeline/data/processed/processed_discharge_summaries.csv
      hash: md5
      md5: de950a557c729fdd342d5cfa7e3fcf3f
      size: 103215156
    - path: data-pipeline/scripts/feature_engineering.py
      hash: md5
      md5: 7bcd7d7551e3384e64f1d6f822e1257a
      size: 25291
    outs:
    - path: data-pipeline/data/processed/mimic_features.csv
      hash: md5
      md5: d89dccad8788be9abedcdeb0d994692d
      size: 21864826
  bias_detection:
    cmd: python data-pipeline/scripts/bias_detection.py
    deps:
    - path: data-pipeline/data/processed/mimic_features.csv
      hash: md5
      md5: d89dccad8788be9abedcdeb0d994692d
      size: 21864826
    - path: data-pipeline/scripts/bias_detection.py
      hash: md5
      md5: c6765ef6fb3e04bf957a6eac3142d23f
      size: 63778
    outs:
    - path: data-pipeline/logs/bias_report.json
      hash: md5
      md5: 99f09a64b56ccc37658aabe05e5822e7
      size: 17551
    - path: data-pipeline/logs/bias_summary.csv
      hash: md5
      md5: bbcebefc0c53898621fef5dcda8a5cbb
      size: 730
  bias_mitigation:
    cmd: python data-pipeline/scripts/automated_bias_handler.py
    deps:
    - path: data-pipeline/data/processed/mimic_features.csv
      hash: md5
      md5: d89dccad8788be9abedcdeb0d994692d
      size: 21864826
    - path: data-pipeline/logs/bias_report.json
      hash: md5
      md5: 99f09a64b56ccc37658aabe05e5822e7
      size: 17551
    - path: data-pipeline/scripts/automated_bias_handler.py
      hash: md5
      md5: eaed5878abe009b10969da2576df6264
      size: 36006
    outs:
    - path: data-pipeline/data/processed/mimic_features_mitigated.csv
      hash: md5
      md5: ac0ab22c6f837ae5afb345d5b1938a67
      size: 22547631
    - path: data-pipeline/logs/bias_mitigation_report.json
      hash: md5
      md5: 9d4bf764a907aa2cee36858e8469aa2a
      size: 2167
